# THIS IS AN AUTOGENERATED FILE. DO NOT EDIT THIS FILE DIRECTLY.
# yarn lockfile v1


tslib@^1.8.1:
  version "1.9.0"
  resolved "https://registry.yarnpkg.com/tslib/-/tslib-1.9.0.tgz#e37a86fda8cbbaf23a057f473c9f4dc64e5fc2e8"

tslint-react@^3.5.1:
  version "3.5.1"
  resolved "https://registry.yarnpkg.com/tslint-react/-/tslint-react-3.5.1.tgz#a5ca48034bf583fb63b42763bb89fa23062d5390"
  dependencies:
    tsutils "^2.13.1"

tsutils@^2.13.1:
  version "2.22.2"
  resolved "https://registry.yarnpkg.com/tsutils/-/tsutils-2.22.2.tgz#0b9f3d87aa3eb95bd32d26ce2b88aa329a657951"
  dependencies:
    tslib "^1.8.1"
